
Microsoft Visual Studio Solution File, Format Version 11.00
# Visual Studio 2010
Project("{FAE04EC0-301F-11D3-BF4B-00C04F79EFBC}") = "3WEB23D", "Assembly-CSharp.csproj", "{59771505-3775-B3FF-B598-B6FABAD12AF2}"
EndProject
Project("{FAE04EC0-301F-11D3-BF4B-00C04F79EFBC}") = "3WEB23D", "Assembly-CSharp-firstpass.csproj", "{B48CF929-E24A-9A25-CD3E-2292572B8B03}"
EndProject
Project("{FAE04EC0-301F-11D3-BF4B-00C04F79EFBC}") = "3WEB23D", "Assembly-CSharp-Editor-firstpass.csproj", "{048872A4-6C5D-D51D-8BC4-65DEECCDD7F4}"
EndProject
Global
	GlobalSection(SolutionConfigurationPlatforms) = preSolution
		Debug|Any CPU = Debug|Any CPU
		Release|Any CPU = Release|Any CPU
	EndGlobalSection
	GlobalSection(ProjectConfigurationPlatforms) = postSolution
		{59771505-3775-B3FF-B598-B6FABAD12AF2}.Debug|Any CPU.ActiveCfg = Debug|Any CPU
		{59771505-3775-B3FF-B598-B6FABAD12AF2}.Debug|Any CPU.Build.0 = Debug|Any CPU
		{59771505-3775-B3FF-B598-B6FABAD12AF2}.Release|Any CPU.ActiveCfg = Release|Any CPU
		{59771505-3775-B3FF-B598-B6FABAD12AF2}.Release|Any CPU.Build.0 = Release|Any CPU
		{B48CF929-E24A-9A25-CD3E-2292572B8B03}.Debug|Any CPU.ActiveCfg = Debug|Any CPU
		{B48CF929-E24A-9A25-CD3E-2292572B8B03}.Debug|Any CPU.Build.0 = Debug|Any CPU
		{B48CF929-E24A-9A25-CD3E-2292572B8B03}.Release|Any CPU.ActiveCfg = Release|Any CPU
		{B48CF929-E24A-9A25-CD3E-2292572B8B03}.Release|Any CPU.Build.0 = Release|Any CPU
		{048872A4-6C5D-D51D-8BC4-65DEECCDD7F4}.Debug|Any CPU.ActiveCfg = Debug|Any CPU
		{048872A4-6C5D-D51D-8BC4-65DEECCDD7F4}.Debug|Any CPU.Build.0 = Debug|Any CPU
		{048872A4-6C5D-D51D-8BC4-65DEECCDD7F4}.Release|Any CPU.ActiveCfg = Release|Any CPU
		{048872A4-6C5D-D51D-8BC4-65DEECCDD7F4}.Release|Any CPU.Build.0 = Release|Any CPU
	EndGlobalSection
	GlobalSection(SolutionProperties) = preSolution
		HideSolutionNode = FALSE
	EndGlobalSection
	GlobalSection(MonoDevelopProperties) = preSolution
		StartupItem = Assembly-CSharp.csproj
	EndGlobalSection
EndGlobal
